github.com/holiman/goevmlab v0.0.0-20191120142416-3a58010a398b h1:NxnD2nHE69sr9H32HHgASyCjtLoNxYWYnd/tvxdZFCc=
github.com/holiman/goevmlab v0.0.0-20191120142416-3a58010a398b/go.mod h1:J0St9FHkis2LIBy7sAnc/DzZx+hc/75GLa59EfEF4QQ=
gopkg.in/urfave/cli.v1 v1.20.0 h1:NdAVW6RYxDif9DhDHaAortIu956m2c0v+09AZBPTbE0=
gopkg.in/urfave/cli.v1 v1.20.0/go.mod h1:vuBzUtMdQeixQj8LVd+/98pzhxNGQoyuPBlsXHOQNO0=
